
Microsoft Visual Studio Solution File, Format Version 12.00
# Visual Studio Version 17
VisualStudioVersion = 17.10.35027.167
MinimumVisualStudioVersion = 10.0.40219.1
Project("{FAE04EC0-301F-11D3-BF4B-00C04F79EFBC}") = "MarketFlow.Api", "MarketFlow.Api\MarketFlow.Api.csproj", "{E0FA6C09-0017-4EDE-983E-59D9E4784A20}"
EndProject
Project("{FAE04EC0-301F-11D3-BF4B-00C04F79EFBC}") = "MarketFlow.Core", "MarketFlow.Core\MarketFlow.Core.csproj", "{AABB17C9-F2C3-460B-8869-178BD0552940}"
EndProject
Project("{FAE04EC0-301F-11D3-BF4B-00C04F79EFBC}") = "MarketFlow.Presistence", "MarketFlow.EF\MarketFlow.Presistence.csproj", "{045A989A-4BEF-4FC0-BF94-495533485679}"
EndProject
Project("{FAE04EC0-301F-11D3-BF4B-00C04F79EFBC}") = "MarketFlow.Services", "MarketFlow.Services\MarketFlow.Services.csproj", "{8A597B76-021C-4A0A-BB34-9659CE6104D2}"
EndProject
Global
	GlobalSection(SolutionConfigurationPlatforms) = preSolution
		Debug|Any CPU = Debug|Any CPU
		Release|Any CPU = Release|Any CPU
	EndGlobalSection
	GlobalSection(ProjectConfigurationPlatforms) = postSolution
		{E0FA6C09-0017-4EDE-983E-59D9E4784A20}.Debug|Any CPU.ActiveCfg = Debug|Any CPU
		{E0FA6C09-0017-4EDE-983E-59D9E4784A20}.Debug|Any CPU.Build.0 = Debug|Any CPU
		{E0FA6C09-0017-4EDE-983E-59D9E4784A20}.Release|Any CPU.ActiveCfg = Release|Any CPU
		{E0FA6C09-0017-4EDE-983E-59D9E4784A20}.Release|Any CPU.Build.0 = Release|Any CPU
		{AABB17C9-F2C3-460B-8869-178BD0552940}.Debug|Any CPU.ActiveCfg = Debug|Any CPU
		{AABB17C9-F2C3-460B-8869-178BD0552940}.Debug|Any CPU.Build.0 = Debug|Any CPU
		{AABB17C9-F2C3-460B-8869-178BD0552940}.Release|Any CPU.ActiveCfg = Release|Any CPU
		{AABB17C9-F2C3-460B-8869-178BD0552940}.Release|Any CPU.Build.0 = Release|Any CPU
		{045A989A-4BEF-4FC0-BF94-495533485679}.Debug|Any CPU.ActiveCfg = Debug|Any CPU
		{045A989A-4BEF-4FC0-BF94-495533485679}.Debug|Any CPU.Build.0 = Debug|Any CPU
		{045A989A-4BEF-4FC0-BF94-495533485679}.Release|Any CPU.ActiveCfg = Release|Any CPU
		{045A989A-4BEF-4FC0-BF94-495533485679}.Release|Any CPU.Build.0 = Release|Any CPU
		{8A597B76-021C-4A0A-BB34-9659CE6104D2}.Debug|Any CPU.ActiveCfg = Debug|Any CPU
		{8A597B76-021C-4A0A-BB34-9659CE6104D2}.Debug|Any CPU.Build.0 = Debug|Any CPU
		{8A597B76-021C-4A0A-BB34-9659CE6104D2}.Release|Any CPU.ActiveCfg = Release|Any CPU
		{8A597B76-021C-4A0A-BB34-9659CE6104D2}.Release|Any CPU.Build.0 = Release|Any CPU
	EndGlobalSection
	GlobalSection(SolutionProperties) = preSolution
		HideSolutionNode = FALSE
	EndGlobalSection
	GlobalSection(ExtensibilityGlobals) = postSolution
		SolutionGuid = {92A11FB8-B07D-4495-AA4E-40473A04132D}
	EndGlobalSection
EndGlobal
